# This file is automatically @generated by Cargo.
# It is not intended for manual editing.
version = 4

[[package]]
name = "eider"
version = "0.1.0"
dependencies = [
 "grebe-syntax",
]

[[package]]
name = "grebe-syntax"
version = "0.4.0"
source = "git+https://github.com/ncrzw9/grebe?rev=6a54aafb8db31fa0ceedb851c83fe557f8e1bd8c#6a54aafb8db31fa0ceedb851c83fe557f8e1bd8c"
