# This file is automatically @generated by Cargo.
# It is not intended for manual editing.
version = 4

[[package]]
name = "eider"
version = "0.1.0"
dependencies = [
 "grebe-syntax",
]

[[package]]
name = "grebe-syntax"
version = "0.4.0"
source = "git+https://github.com/ncrzw9/grebe?rev=05eec60844b297adc222b6129afb10947dbf47da#05eec60844b297adc222b6129afb10947dbf47da"
