# This file is automatically @generated by Cargo.
# It is not intended for manual editing.
version = 4

[[package]]
name = "eider"
version = "0.1.0"
dependencies = [
 "grebe-syntax",
]

[[package]]
name = "grebe-syntax"
version = "0.4.0"
source = "registry+https://github.com/rust-lang/crates.io-index"
checksum = "9c5c627bf0396effff407cfcc0a821e82c59f1d475a74c940030bafec6344f66"
